
Microsoft Visual Studio Solution File, Format Version 12.00
# Visual Studio Version 16
VisualStudioVersion = 16.0.31321.278
MinimumVisualStudioVersion = 10.0.40219.1
Project("{FAE04EC0-301F-11D3-BF4B-00C04F79EFBC}") = "MPIClient", "MPIClient\MPIClient.csproj", "{5F203019-7554-498B-AA47-4B6E50645B7B}"
EndProject
Global
	GlobalSection(SolutionConfigurationPlatforms) = preSolution
		Debug|Any CPU = Debug|Any CPU
		Release|Any CPU = Release|Any CPU
	EndGlobalSection
	GlobalSection(ProjectConfigurationPlatforms) = postSolution
		{5F203019-7554-498B-AA47-4B6E50645B7B}.Debug|Any CPU.ActiveCfg = Debug|Any CPU
		{5F203019-7554-498B-AA47-4B6E50645B7B}.Debug|Any CPU.Build.0 = Debug|Any CPU
		{5F203019-7554-498B-AA47-4B6E50645B7B}.Release|Any CPU.ActiveCfg = Release|Any CPU
		{5F203019-7554-498B-AA47-4B6E50645B7B}.Release|Any CPU.Build.0 = Release|Any CPU
	EndGlobalSection
	GlobalSection(SolutionProperties) = preSolution
		HideSolutionNode = FALSE
	EndGlobalSection
	GlobalSection(ExtensibilityGlobals) = postSolution
		SolutionGuid = {C3C61963-EA39-4ABC-86B2-C347877EB573}
	EndGlobalSection
EndGlobal
